
Microsoft Visual Studio Solution File, Format Version 12.00
# Visual Studio Version 17
VisualStudioVersion = 17.5.002.0
MinimumVisualStudioVersion = 10.0.40219.1
Project("{9A19103F-16F7-4668-BE54-9A1E7A4F7556}") = "vibe-backend", "vibe-backend.csproj", "{AFEC746D-A43F-4C77-97FE-5BA640CB7DDA}"
EndProject
Global
	GlobalSection(SolutionConfigurationPlatforms) = preSolution
		Debug|Any CPU = Debug|Any CPU
		Release|Any CPU = Release|Any CPU
	EndGlobalSection
	GlobalSection(ProjectConfigurationPlatforms) = postSolution
		{AFEC746D-A43F-4C77-97FE-5BA640CB7DDA}.Debug|Any CPU.ActiveCfg = Debug|Any CPU
		{AFEC746D-A43F-4C77-97FE-5BA640CB7DDA}.Debug|Any CPU.Build.0 = Debug|Any CPU
		{AFEC746D-A43F-4C77-97FE-5BA640CB7DDA}.Release|Any CPU.ActiveCfg = Release|Any CPU
		{AFEC746D-A43F-4C77-97FE-5BA640CB7DDA}.Release|Any CPU.Build.0 = Release|Any CPU
	EndGlobalSection
	GlobalSection(SolutionProperties) = preSolution
		HideSolutionNode = FALSE
	EndGlobalSection
	GlobalSection(ExtensibilityGlobals) = postSolution
		SolutionGuid = {407564BF-0A06-410E-9C96-3B3D02F35F92}
	EndGlobalSection
EndGlobal
